
Microsoft Visual Studio Solution File, Format Version 12.00
# Visual Studio Version 17
VisualStudioVersion = 17.7.34018.315
MinimumVisualStudioVersion = 10.0.40219.1
Project("{FAE04EC0-301F-11D3-BF4B-00C04F79EFBC}") = "JwtTokenApi", "JwtTokenApi\JwtTokenApi.csproj", "{BEBED1A5-F6FB-4F40-A7A1-11B694AA0766}"
EndProject
Global
	GlobalSection(SolutionConfigurationPlatforms) = preSolution
		Debug|Any CPU = Debug|Any CPU
		Release|Any CPU = Release|Any CPU
	EndGlobalSection
	GlobalSection(ProjectConfigurationPlatforms) = postSolution
		{BEBED1A5-F6FB-4F40-A7A1-11B694AA0766}.Debug|Any CPU.ActiveCfg = Debug|Any CPU
		{BEBED1A5-F6FB-4F40-A7A1-11B694AA0766}.Debug|Any CPU.Build.0 = Debug|Any CPU
		{BEBED1A5-F6FB-4F40-A7A1-11B694AA0766}.Release|Any CPU.ActiveCfg = Release|Any CPU
		{BEBED1A5-F6FB-4F40-A7A1-11B694AA0766}.Release|Any CPU.Build.0 = Release|Any CPU
	EndGlobalSection
	GlobalSection(SolutionProperties) = preSolution
		HideSolutionNode = FALSE
	EndGlobalSection
	GlobalSection(ExtensibilityGlobals) = postSolution
		SolutionGuid = {7797F53B-6E88-4F48-8730-77BC9625A377}
	EndGlobalSection
EndGlobal
